
Microsoft Visual Studio Solution File, Format Version 12.00
Project("{2150E333-8FDC-42A3-9474-1A3956D46DE8}") = "eV.Network", "eV.Network", "{54087BCF-D5D2-4C70-BBC4-4E846D9DD3ED}"
EndProject
Project("{FAE04EC0-301F-11D3-BF4B-00C04F79EFBC}") = "eV.Network.Server", "eV.Network\eV.Network.Server\eV.Network.Server.csproj", "{FAD04CC7-C8D2-413E-BA93-8A914B7B39F0}"
EndProject
Project("{FAE04EC0-301F-11D3-BF4B-00C04F79EFBC}") = "eV.Network.Client", "eV.Network\eV.Network.Client\eV.Network.Client.csproj", "{4C2D9878-F41D-490F-8F59-C57E8333F481}"
EndProject
Project("{FAE04EC0-301F-11D3-BF4B-00C04F79EFBC}") = "eV.Network.Core", "eV.Network\eV.Network.Core\eV.Network.Core.csproj", "{0F013D05-1EEE-4443-ABC2-5227A3692FBC}"
EndProject
Project("{2150E333-8FDC-42A3-9474-1A3956D46DE8}") = "eV.Framework", "eV.Framework", "{86706CF4-FB4F-463F-97AF-B50F314F8587}"
EndProject
Project("{2150E333-8FDC-42A3-9474-1A3956D46DE8}") = "eV.Module", "eV.Module", "{57FBAB04-08B1-4085-B666-B50D53C48B91}"
EndProject
Project("{FAE04EC0-301F-11D3-BF4B-00C04F79EFBC}") = "eV.Routing", "eV.Module\eV.Routing\eV.Routing.csproj", "{BBB5CCC1-3AF0-472E-ABAA-EA0EBF360121}"
EndProject
Project("{FAE04EC0-301F-11D3-BF4B-00C04F79EFBC}") = "eV.Session", "eV.Module\eV.Session\eV.Session.csproj", "{AD949E19-05E5-40E5-A87B-BAFBF42ED3D3}"
EndProject
Project("{FAE04EC0-301F-11D3-BF4B-00C04F79EFBC}") = "eV.Server", "eV.Framework\eV.Server\eV.Server.csproj", "{C3C3122B-25FA-4E38-89D4-E79F837A76BB}"
EndProject
Project("{FAE04EC0-301F-11D3-BF4B-00C04F79EFBC}") = "eV.GameProfile", "eV.Module\eV.GameProfile\eV.GameProfile.csproj", "{440A189B-1100-4326-AE43-73D066917359}"
EndProject
Project("{FAE04EC0-301F-11D3-BF4B-00C04F79EFBC}") = "eV.EasyLog", "eV.Module\eV.EasyLog\eV.EasyLog.csproj", "{3897798B-476E-449A-AD81-122AD9CB727B}"
EndProject
Project("{FAE04EC0-301F-11D3-BF4B-00C04F79EFBC}") = "eV.Unity", "eV.Framework\eV.Unity\eV.Unity.csproj", "{F745BC43-A8DD-4427-BF4F-D6D9DD89B329}"
EndProject
Project("{FAE04EC0-301F-11D3-BF4B-00C04F79EFBC}") = "eV.PushNotification", "eV.Module\eV.PushNotification\eV.PushNotification.csproj", "{2DFEB294-571D-4278-B717-6307AD666349}"
EndProject
Project("{FAE04EC0-301F-11D3-BF4B-00C04F79EFBC}") = "eV.Network.Security.Client", "eV.Network\eV.Network.Security.Client\eV.Network.Security.Client.csproj", "{7CF240D6-83D6-4365-A63E-B8538CA4E9BB}"
EndProject
Project("{2150E333-8FDC-42A3-9474-1A3956D46DE8}") = "eV.Example", "eV.Example", "{E9CFEF5B-9407-4F92-832B-E71D46FF1AC6}"
EndProject
Project("{FAE04EC0-301F-11D3-BF4B-00C04F79EFBC}") = "eV.ServerExample", "eV.Example\eV.ServerExample\eV.ServerExample.csproj", "{BCC2A671-950A-4C19-896A-48C5FB7A08B5}"
EndProject
Project("{FAE04EC0-301F-11D3-BF4B-00C04F79EFBC}") = "eV.ClientExample", "eV.Example\eV.ClientExample\eV.ClientExample.csproj", "{DF3B0B09-B16D-4B4F-8725-B86F807FD7D5}"
EndProject
Project("{FAE04EC0-301F-11D3-BF4B-00C04F79EFBC}") = "eV.PublicObject", "eV.Example\eV.PublicObject\eV.PublicObject.csproj", "{DB9C204C-3A6D-4BB2-921C-CCCE78B99342}"
EndProject
Project("{FAE04EC0-301F-11D3-BF4B-00C04F79EFBC}") = "eV.Client", "eV.Framework\eV.Client\eV.Client.csproj", "{42E8E41C-AA60-4FBF-8E1C-7C5B5BC24DD3}"
EndProject
Project("{2150E333-8FDC-42A3-9474-1A3956D46DE8}") = "eV.Tool", "eV.Tool", "{7CCD329B-CFDB-458F-8F42-0C5E824BB9ED}"
EndProject
Project("{FAE04EC0-301F-11D3-BF4B-00C04F79EFBC}") = "eV.Job", "eV.Module\eV.Job\eV.Job.csproj", "{ED158AFE-FBE9-4D11-AE94-E5CB4B3DA8C8}"
EndProject
Global
	GlobalSection(SolutionConfigurationPlatforms) = preSolution
		Debug|Any CPU = Debug|Any CPU
		Release|Any CPU = Release|Any CPU
	EndGlobalSection
	GlobalSection(NestedProjects) = preSolution
		{FAD04CC7-C8D2-413E-BA93-8A914B7B39F0} = {54087BCF-D5D2-4C70-BBC4-4E846D9DD3ED}
		{4C2D9878-F41D-490F-8F59-C57E8333F481} = {54087BCF-D5D2-4C70-BBC4-4E846D9DD3ED}
		{0F013D05-1EEE-4443-ABC2-5227A3692FBC} = {54087BCF-D5D2-4C70-BBC4-4E846D9DD3ED}
		{BBB5CCC1-3AF0-472E-ABAA-EA0EBF360121} = {57FBAB04-08B1-4085-B666-B50D53C48B91}
		{AD949E19-05E5-40E5-A87B-BAFBF42ED3D3} = {57FBAB04-08B1-4085-B666-B50D53C48B91}
		{C3C3122B-25FA-4E38-89D4-E79F837A76BB} = {86706CF4-FB4F-463F-97AF-B50F314F8587}
		{440A189B-1100-4326-AE43-73D066917359} = {57FBAB04-08B1-4085-B666-B50D53C48B91}
		{3897798B-476E-449A-AD81-122AD9CB727B} = {57FBAB04-08B1-4085-B666-B50D53C48B91}
		{F745BC43-A8DD-4427-BF4F-D6D9DD89B329} = {86706CF4-FB4F-463F-97AF-B50F314F8587}
		{2DFEB294-571D-4278-B717-6307AD666349} = {57FBAB04-08B1-4085-B666-B50D53C48B91}
		{7CF240D6-83D6-4365-A63E-B8538CA4E9BB} = {54087BCF-D5D2-4C70-BBC4-4E846D9DD3ED}
		{BCC2A671-950A-4C19-896A-48C5FB7A08B5} = {E9CFEF5B-9407-4F92-832B-E71D46FF1AC6}
		{DF3B0B09-B16D-4B4F-8725-B86F807FD7D5} = {E9CFEF5B-9407-4F92-832B-E71D46FF1AC6}
		{DB9C204C-3A6D-4BB2-921C-CCCE78B99342} = {E9CFEF5B-9407-4F92-832B-E71D46FF1AC6}
		{42E8E41C-AA60-4FBF-8E1C-7C5B5BC24DD3} = {86706CF4-FB4F-463F-97AF-B50F314F8587}
		{ED158AFE-FBE9-4D11-AE94-E5CB4B3DA8C8} = {57FBAB04-08B1-4085-B666-B50D53C48B91}
	EndGlobalSection
	GlobalSection(ProjectConfigurationPlatforms) = postSolution
		{FAD04CC7-C8D2-413E-BA93-8A914B7B39F0}.Debug|Any CPU.ActiveCfg = Debug|Any CPU
		{FAD04CC7-C8D2-413E-BA93-8A914B7B39F0}.Debug|Any CPU.Build.0 = Debug|Any CPU
		{FAD04CC7-C8D2-413E-BA93-8A914B7B39F0}.Release|Any CPU.ActiveCfg = Release|Any CPU
		{FAD04CC7-C8D2-413E-BA93-8A914B7B39F0}.Release|Any CPU.Build.0 = Release|Any CPU
		{4C2D9878-F41D-490F-8F59-C57E8333F481}.Debug|Any CPU.ActiveCfg = Debug|Any CPU
		{4C2D9878-F41D-490F-8F59-C57E8333F481}.Debug|Any CPU.Build.0 = Debug|Any CPU
		{4C2D9878-F41D-490F-8F59-C57E8333F481}.Release|Any CPU.ActiveCfg = Release|Any CPU
		{4C2D9878-F41D-490F-8F59-C57E8333F481}.Release|Any CPU.Build.0 = Release|Any CPU
		{0F013D05-1EEE-4443-ABC2-5227A3692FBC}.Debug|Any CPU.ActiveCfg = Debug|Any CPU
		{0F013D05-1EEE-4443-ABC2-5227A3692FBC}.Debug|Any CPU.Build.0 = Debug|Any CPU
		{0F013D05-1EEE-4443-ABC2-5227A3692FBC}.Release|Any CPU.ActiveCfg = Release|Any CPU
		{0F013D05-1EEE-4443-ABC2-5227A3692FBC}.Release|Any CPU.Build.0 = Release|Any CPU
		{BBB5CCC1-3AF0-472E-ABAA-EA0EBF360121}.Debug|Any CPU.ActiveCfg = Debug|Any CPU
		{BBB5CCC1-3AF0-472E-ABAA-EA0EBF360121}.Debug|Any CPU.Build.0 = Debug|Any CPU
		{BBB5CCC1-3AF0-472E-ABAA-EA0EBF360121}.Release|Any CPU.ActiveCfg = Release|Any CPU
		{BBB5CCC1-3AF0-472E-ABAA-EA0EBF360121}.Release|Any CPU.Build.0 = Release|Any CPU
		{AD949E19-05E5-40E5-A87B-BAFBF42ED3D3}.Debug|Any CPU.ActiveCfg = Debug|Any CPU
		{AD949E19-05E5-40E5-A87B-BAFBF42ED3D3}.Debug|Any CPU.Build.0 = Debug|Any CPU
		{AD949E19-05E5-40E5-A87B-BAFBF42ED3D3}.Release|Any CPU.ActiveCfg = Release|Any CPU
		{AD949E19-05E5-40E5-A87B-BAFBF42ED3D3}.Release|Any CPU.Build.0 = Release|Any CPU
		{C3C3122B-25FA-4E38-89D4-E79F837A76BB}.Debug|Any CPU.ActiveCfg = Debug|Any CPU
		{C3C3122B-25FA-4E38-89D4-E79F837A76BB}.Debug|Any CPU.Build.0 = Debug|Any CPU
		{C3C3122B-25FA-4E38-89D4-E79F837A76BB}.Release|Any CPU.ActiveCfg = Release|Any CPU
		{C3C3122B-25FA-4E38-89D4-E79F837A76BB}.Release|Any CPU.Build.0 = Release|Any CPU
		{440A189B-1100-4326-AE43-73D066917359}.Debug|Any CPU.ActiveCfg = Debug|Any CPU
		{440A189B-1100-4326-AE43-73D066917359}.Debug|Any CPU.Build.0 = Debug|Any CPU
		{440A189B-1100-4326-AE43-73D066917359}.Release|Any CPU.ActiveCfg = Release|Any CPU
		{440A189B-1100-4326-AE43-73D066917359}.Release|Any CPU.Build.0 = Release|Any CPU
		{3897798B-476E-449A-AD81-122AD9CB727B}.Debug|Any CPU.ActiveCfg = Debug|Any CPU
		{3897798B-476E-449A-AD81-122AD9CB727B}.Debug|Any CPU.Build.0 = Debug|Any CPU
		{3897798B-476E-449A-AD81-122AD9CB727B}.Release|Any CPU.ActiveCfg = Release|Any CPU
		{3897798B-476E-449A-AD81-122AD9CB727B}.Release|Any CPU.Build.0 = Release|Any CPU
		{F745BC43-A8DD-4427-BF4F-D6D9DD89B329}.Debug|Any CPU.ActiveCfg = Debug|Any CPU
		{F745BC43-A8DD-4427-BF4F-D6D9DD89B329}.Debug|Any CPU.Build.0 = Debug|Any CPU
		{F745BC43-A8DD-4427-BF4F-D6D9DD89B329}.Release|Any CPU.ActiveCfg = Release|Any CPU
		{F745BC43-A8DD-4427-BF4F-D6D9DD89B329}.Release|Any CPU.Build.0 = Release|Any CPU
		{2DFEB294-571D-4278-B717-6307AD666349}.Debug|Any CPU.ActiveCfg = Debug|Any CPU
		{2DFEB294-571D-4278-B717-6307AD666349}.Debug|Any CPU.Build.0 = Debug|Any CPU
		{2DFEB294-571D-4278-B717-6307AD666349}.Release|Any CPU.ActiveCfg = Release|Any CPU
		{2DFEB294-571D-4278-B717-6307AD666349}.Release|Any CPU.Build.0 = Release|Any CPU
		{7CF240D6-83D6-4365-A63E-B8538CA4E9BB}.Debug|Any CPU.ActiveCfg = Debug|Any CPU
		{7CF240D6-83D6-4365-A63E-B8538CA4E9BB}.Debug|Any CPU.Build.0 = Debug|Any CPU
		{7CF240D6-83D6-4365-A63E-B8538CA4E9BB}.Release|Any CPU.ActiveCfg = Release|Any CPU
		{7CF240D6-83D6-4365-A63E-B8538CA4E9BB}.Release|Any CPU.Build.0 = Release|Any CPU
		{BCC2A671-950A-4C19-896A-48C5FB7A08B5}.Debug|Any CPU.ActiveCfg = Debug|Any CPU
		{BCC2A671-950A-4C19-896A-48C5FB7A08B5}.Debug|Any CPU.Build.0 = Debug|Any CPU
		{BCC2A671-950A-4C19-896A-48C5FB7A08B5}.Release|Any CPU.ActiveCfg = Release|Any CPU
		{BCC2A671-950A-4C19-896A-48C5FB7A08B5}.Release|Any CPU.Build.0 = Release|Any CPU
		{DF3B0B09-B16D-4B4F-8725-B86F807FD7D5}.Debug|Any CPU.ActiveCfg = Debug|Any CPU
		{DF3B0B09-B16D-4B4F-8725-B86F807FD7D5}.Debug|Any CPU.Build.0 = Debug|Any CPU
		{DF3B0B09-B16D-4B4F-8725-B86F807FD7D5}.Release|Any CPU.ActiveCfg = Release|Any CPU
		{DF3B0B09-B16D-4B4F-8725-B86F807FD7D5}.Release|Any CPU.Build.0 = Release|Any CPU
		{DB9C204C-3A6D-4BB2-921C-CCCE78B99342}.Debug|Any CPU.ActiveCfg = Debug|Any CPU
		{DB9C204C-3A6D-4BB2-921C-CCCE78B99342}.Debug|Any CPU.Build.0 = Debug|Any CPU
		{DB9C204C-3A6D-4BB2-921C-CCCE78B99342}.Release|Any CPU.ActiveCfg = Release|Any CPU
		{DB9C204C-3A6D-4BB2-921C-CCCE78B99342}.Release|Any CPU.Build.0 = Release|Any CPU
		{42E8E41C-AA60-4FBF-8E1C-7C5B5BC24DD3}.Debug|Any CPU.ActiveCfg = Debug|Any CPU
		{42E8E41C-AA60-4FBF-8E1C-7C5B5BC24DD3}.Debug|Any CPU.Build.0 = Debug|Any CPU
		{42E8E41C-AA60-4FBF-8E1C-7C5B5BC24DD3}.Release|Any CPU.ActiveCfg = Release|Any CPU
		{42E8E41C-AA60-4FBF-8E1C-7C5B5BC24DD3}.Release|Any CPU.Build.0 = Release|Any CPU
		{ED158AFE-FBE9-4D11-AE94-E5CB4B3DA8C8}.Debug|Any CPU.ActiveCfg = Debug|Any CPU
		{ED158AFE-FBE9-4D11-AE94-E5CB4B3DA8C8}.Debug|Any CPU.Build.0 = Debug|Any CPU
		{ED158AFE-FBE9-4D11-AE94-E5CB4B3DA8C8}.Release|Any CPU.ActiveCfg = Release|Any CPU
		{ED158AFE-FBE9-4D11-AE94-E5CB4B3DA8C8}.Release|Any CPU.Build.0 = Release|Any CPU
	EndGlobalSection
EndGlobal
